// !$*UTF8*$!
{
	archiveVersion = 1;
	classes = {
	};
	objectVersion = 56;
	objects = {

/* Begin PBXBuildFile section */
		72431B482B2E23E1004CEDCE /* OnboardingSlide.swift in Sources */ = {isa = PBXBuildFile; fileRef = 72431B472B2E23E1004CEDCE /* OnboardingSlide.swift */; };
		72431B4A2B2E2B2C004CEDCE /* OnboardingCollectionViewCell.swift in Sources */ = {isa = PBXBuildFile; fileRef = 72431B492B2E2B2C004CEDCE /* OnboardingCollectionViewCell.swift */; };
		724717312B4BF68600E26744 /* HomeViewController.swift in Sources */ = {isa = PBXBuildFile; fileRef = 724717302B4BF68600E26744 /* HomeViewController.swift */; };
		725376582B22032200D27C4C /* AppDelegate.swift in Sources */ = {isa = PBXBuildFile; fileRef = 725376572B22032200D27C4C /* AppDelegate.swift */; };
		7253765A2B22032200D27C4C /* SceneDelegate.swift in Sources */ = {isa = PBXBuildFile; fileRef = 725376592B22032200D27C4C /* SceneDelegate.swift */; };
		7253765F2B22032200D27C4C /* Main.storyboard in Resources */ = {isa = PBXBuildFile; fileRef = 7253765D2B22032200D27C4C /* Main.storyboard */; };
		725376612B22032300D27C4C /* Assets.xcassets in Resources */ = {isa = PBXBuildFile; fileRef = 725376602B22032300D27C4C /* Assets.xcassets */; };
		725376642B22032300D27C4C /* LaunchScreen.storyboard in Resources */ = {isa = PBXBuildFile; fileRef = 725376622B22032300D27C4C /* LaunchScreen.storyboard */; };
		7271595A2B2DD134005719D6 /* OnboardingViewController.swift in Sources */ = {isa = PBXBuildFile; fileRef = 727159592B2DD134005719D6 /* OnboardingViewController.swift */; };
		7271595E2B2DDE37005719D6 /* UIView+Extension.swift in Sources */ = {isa = PBXBuildFile; fileRef = 7271595D2B2DDE37005719D6 /* UIView+Extension.swift */; };
/* End PBXBuildFile section */

/* Begin PBXFileReference section */
		72431B472B2E23E1004CEDCE /* OnboardingSlide.swift */ = {isa = PBXFileReference; lastKnownFileType = sourcecode.swift; path = OnboardingSlide.swift; sourceTree = "<group>"; };
		72431B492B2E2B2C004CEDCE /* OnboardingCollectionViewCell.swift */ = {isa = PBXFileReference; lastKnownFileType = sourcecode.swift; path = OnboardingCollectionViewCell.swift; sourceTree = "<group>"; };
		724717302B4BF68600E26744 /* HomeViewController.swift */ = {isa = PBXFileReference; lastKnownFileType = sourcecode.swift; path = HomeViewController.swift; sourceTree = "<group>"; };
		725376542B22032200D27C4C /* Recipio.app */ = {isa = PBXFileReference; explicitFileType = wrapper.application; includeInIndex = 0; path = Recipio.app; sourceTree = BUILT_PRODUCTS_DIR; };
		725376572B22032200D27C4C /* AppDelegate.swift */ = {isa = PBXFileReference; lastKnownFileType = sourcecode.swift; path = AppDelegate.swift; sourceTree = "<group>"; };
		725376592B22032200D27C4C /* SceneDelegate.swift */ = {isa = PBXFileReference; lastKnownFileType = sourcecode.swift; path = SceneDelegate.swift; sourceTree = "<group>"; };
		7253765E2B22032200D27C4C /* Base */ = {isa = PBXFileReference; lastKnownFileType = file.storyboard; name = Base; path = Base.lproj/Main.storyboard; sourceTree = "<group>"; };
		725376602B22032300D27C4C /* Assets.xcassets */ = {isa = PBXFileReference; lastKnownFileType = folder.assetcatalog; path = Assets.xcassets; sourceTree = "<group>"; };
		725376632B22032300D27C4C /* Base */ = {isa = PBXFileReference; lastKnownFileType = file.storyboard; name = Base; path = Base.lproj/LaunchScreen.storyboard; sourceTree = "<group>"; };
		725376652B22032300D27C4C /* Info.plist */ = {isa = PBXFileReference; lastKnownFileType = text.plist.xml; path = Info.plist; sourceTree = "<group>"; };
		727159592B2DD134005719D6 /* OnboardingViewController.swift */ = {isa = PBXFileReference; lastKnownFileType = sourcecode.swift; path = OnboardingViewController.swift; sourceTree = "<group>"; };
		7271595D2B2DDE37005719D6 /* UIView+Extension.swift */ = {isa = PBXFileReference; lastKnownFileType = sourcecode.swift; path = "UIView+Extension.swift"; sourceTree = "<group>"; };
/* End PBXFileReference section */

/* Begin PBXFrameworksBuildPhase section */
		725376512B22032200D27C4C /* Frameworks */ = {
			isa = PBXFrameworksBuildPhase;
			buildActionMask = 2147483647;
			files = (
			);
			runOnlyForDeploymentPostprocessing = 0;
		};
/* End PBXFrameworksBuildPhase section */

/* Begin PBXGroup section */
		7247172F2B4BF62600E26744 /* Home */ = {
			isa = PBXGroup;
			children = (
				724717302B4BF68600E26744 /* HomeViewController.swift */,
			);
			path = Home;
			sourceTree = "<group>";
		};
		7253764B2B22032200D27C4C = {
			isa = PBXGroup;
			children = (
				725376562B22032200D27C4C /* Recipio */,
				725376552B22032200D27C4C /* Products */,
			);
			sourceTree = "<group>";
		};
		725376552B22032200D27C4C /* Products */ = {
			isa = PBXGroup;
			children = (
				725376542B22032200D27C4C /* Recipio.app */,
			);
			name = Products;
			sourceTree = "<group>";
		};
		725376562B22032200D27C4C /* Recipio */ = {
			isa = PBXGroup;
			children = (
				7271595C2B2DDDCC005719D6 /* Extensions */,
				727159572B2DD0B1005719D6 /* CustomViews */,
				727159562B2DD092005719D6 /* Views */,
				727159552B2DD074005719D6 /* Models */,
				725376572B22032200D27C4C /* AppDelegate.swift */,
				725376592B22032200D27C4C /* SceneDelegate.swift */,
				7253765D2B22032200D27C4C /* Main.storyboard */,
				725376602B22032300D27C4C /* Assets.xcassets */,
				725376622B22032300D27C4C /* LaunchScreen.storyboard */,
				725376652B22032300D27C4C /* Info.plist */,
			);
			path = Recipio;
			sourceTree = "<group>";
		};
		727159552B2DD074005719D6 /* Models */ = {
			isa = PBXGroup;
			children = (
				72431B472B2E23E1004CEDCE /* OnboardingSlide.swift */,
			);
			path = Models;
			sourceTree = "<group>";
		};
		727159562B2DD092005719D6 /* Views */ = {
			isa = PBXGroup;
			children = (
				7247172F2B4BF62600E26744 /* Home */,
				727159582B2DD0CD005719D6 /* Onboarding */,
			);
			path = Views;
			sourceTree = "<group>";
		};
		727159572B2DD0B1005719D6 /* CustomViews */ = {
			isa = PBXGroup;
			children = (
			);
			path = CustomViews;
			sourceTree = "<group>";
		};
		727159582B2DD0CD005719D6 /* Onboarding */ = {
			isa = PBXGroup;
			children = (
				727159592B2DD134005719D6 /* OnboardingViewController.swift */,
				72431B492B2E2B2C004CEDCE /* OnboardingCollectionViewCell.swift */,
			);
			path = Onboarding;
			sourceTree = "<group>";
		};
		7271595C2B2DDDCC005719D6 /* Extensions */ = {
			isa = PBXGroup;
			children = (
				7271595D2B2DDE37005719D6 /* UIView+Extension.swift */,
			);
			path = Extensions;
			sourceTree = "<group>";
		};
/* End PBXGroup section */

/* Begin PBXNativeTarget section */
		725376532B22032200D27C4C /* Recipio */ = {
			isa = PBXNativeTarget;
			buildConfigurationList = 725376682B22032300D27C4C /* Build configuration list for PBXNativeTarget "Recipio" */;
			buildPhases = (
				725376502B22032200D27C4C /* Sources */,
				725376512B22032200D27C4C /* Frameworks */,
				725376522B22032200D27C4C /* Resources */,
			);
			buildRules = (
			);
			dependencies = (
			);
			name = Recipio;
			productName = Recipio;
			productReference = 725376542B22032200D27C4C /* Recipio.app */;
			productType = "com.apple.product-type.application";
		};
/* End PBXNativeTarget section */

/* Begin PBXProject section */
		7253764C2B22032200D27C4C /* Project object */ = {
			isa = PBXProject;
			attributes = {
				BuildIndependentTargetsInParallel = 1;
				LastSwiftUpdateCheck = 1420;
				LastUpgradeCheck = 1420;
				TargetAttributes = {
					725376532B22032200D27C4C = {
						CreatedOnToolsVersion = 14.2;
					};
				};
			};
			buildConfigurationList = 7253764F2B22032200D27C4C /* Build configuration list for PBXProject "Recipio" */;
			compatibilityVersion = "Xcode 14.0";
			developmentRegion = en;
			hasScannedForEncodings = 0;
			knownRegions = (
				en,
				Base,
			);
			mainGroup = 7253764B2B22032200D27C4C;
			productRefGroup = 725376552B22032200D27C4C /* Products */;
			projectDirPath = "";
			projectRoot = "";
			targets = (
				725376532B22032200D27C4C /* Recipio */,
			);
		};
/* End PBXProject section */

/* Begin PBXResourcesBuildPhase section */
		725376522B22032200D27C4C /* Resources */ = {
			isa = PBXResourcesBuildPhase;
			buildActionMask = 2147483647;
			files = (
				725376642B22032300D27C4C /* LaunchScreen.storyboard in Resources */,
				725376612B22032300D27C4C /* Assets.xcassets in Resources */,
				7253765F2B22032200D27C4C /* Main.storyboard in Resources */,
			);
			runOnlyForDeploymentPostprocessing = 0;
		};
/* End PBXResourcesBuildPhase section */

/* Begin PBXSourcesBuildPhase section */
		725376502B22032200D27C4C /* Sources */ = {
			isa = PBXSourcesBuildPhase;
			buildActionMask = 2147483647;
			files = (
				72431B482B2E23E1004CEDCE /* OnboardingSlide.swift in Sources */,
				725376582B22032200D27C4C /* AppDelegate.swift in Sources */,
				7253765A2B22032200D27C4C /* SceneDelegate.swift in Sources */,
				7271595E2B2DDE37005719D6 /* UIView+Extension.swift in Sources */,
				7271595A2B2DD134005719D6 /* OnboardingViewController.swift in Sources */,
				724717312B4BF68600E26744 /* HomeViewController.swift in Sources */,
				72431B4A2B2E2B2C004CEDCE /* OnboardingCollectionViewCell.swift in Sources */,
			);
			runOnlyForDeploymentPostprocessing = 0;
		};
/* End PBXSourcesBuildPhase section */

/* Begin PBXVariantGroup section */
		7253765D2B22032200D27C4C /* Main.storyboard */ = {
			isa = PBXVariantGroup;
			children = (
				7253765E2B22032200D27C4C /* Base */,
			);
			name = Main.storyboard;
			sourceTree = "<group>";
		};
		725376622B22032300D27C4C /* LaunchScreen.storyboard */ = {
			isa = PBXVariantGroup;
			children = (
				725376632B22032300D27C4C /* Base */,
			);
			name = LaunchScreen.storyboard;
			sourceTree = "<group>";
		};
/* End PBXVariantGroup section */

/* Begin XCBuildConfiguration section */
		725376662B22032300D27C4C /* Debug */ = {
			isa = XCBuildConfiguration;
			buildSettings = {
				ALWAYS_SEARCH_USER_PATHS = NO;
				CLANG_ANALYZER_NONNULL = YES;
				CLANG_ANALYZER_NUMBER_OBJECT_CONVERSION = YES_AGGRESSIVE;
				CLANG_CXX_LANGUAGE_STANDARD = "gnu++20";
				CLANG_ENABLE_MODULES = YES;
				CLANG_ENABLE_OBJC_ARC = YES;
				CLANG_ENABLE_OBJC_WEAK = YES;
				CLANG_WARN_BLOCK_CAPTURE_AUTORELEASING = YES;
				CLANG_WARN_BOOL_CONVERSION = YES;
				CLANG_WARN_COMMA = YES;
				CLANG_WARN_CONSTANT_CONVERSION = YES;
				CLANG_WARN_DEPRECATED_OBJC_IMPLEMENTATIONS = YES;
				CLANG_WARN_DIRECT_OBJC_ISA_USAGE = YES_ERROR;
				CLANG_WARN_DOCUMENTATION_COMMENTS = YES;
				CLANG_WARN_EMPTY_BODY = YES;
				CLANG_WARN_ENUM_CONVERSION = YES;
				CLANG_WARN_INFINITE_RECURSION = YES;
				CLANG_WARN_INT_CONVERSION = YES;
				CLANG_WARN_NON_LITERAL_NULL_CONVERSION = YES;
				CLANG_WARN_OBJC_IMPLICIT_RETAIN_SELF = YES;
				CLANG_WARN_OBJC_LITERAL_CONVERSION = YES;
				CLANG_WARN_OBJC_ROOT_CLASS = YES_ERROR;
				CLANG_WARN_QUOTED_INCLUDE_IN_FRAMEWORK_HEADER = YES;
				CLANG_WARN_RANGE_LOOP_ANALYSIS = YES;
				CLANG_WARN_STRICT_PROTOTYPES = YES;
				CLANG_WARN_SUSPICIOUS_MOVE = YES;
				CLANG_WARN_UNGUARDED_AVAILABILITY = YES_AGGRESSIVE;
				CLANG_WARN_UNREACHABLE_CODE = YES;
				CLANG_WARN__DUPLICATE_METHOD_MATCH = YES;
				COPY_PHASE_STRIP = NO;
				DEBUG_INFORMATION_FORMAT = dwarf;
				ENABLE_STRICT_OBJC_MSGSEND = YES;
				ENABLE_TESTABILITY = YES;
				GCC_C_LANGUAGE_STANDARD = gnu11;
				GCC_DYNAMIC_NO_PIC = NO;
				GCC_NO_COMMON_BLOCKS = YES;
				GCC_OPTIMIZATION_LEVEL = 0;
				GCC_PREPROCESSOR_DEFINITIONS = (
					"DEBUG=1",
					"$(inherited)",
				);
				GCC_WARN_64_TO_32_BIT_CONVERSION = YES;
				GCC_WARN_ABOUT_RETURN_TYPE = YES_ERROR;
				GCC_WARN_UNDECLARED_SELECTOR = YES;
				GCC_WARN_UNINITIALIZED_AUTOS = YES_AGGRESSIVE;
				GCC_WARN_UNUSED_FUNCTION = YES;
				GCC_WARN_UNUSED_VARIABLE = YES;
				IPHONEOS_DEPLOYMENT_TARGET = 16.2;
				MTL_ENABLE_DEBUG_INFO = INCLUDE_SOURCE;
				MTL_FAST_MATH = YES;
				ONLY_ACTIVE_ARCH = YES;
				SDKROOT = iphoneos;
				SWIFT_ACTIVE_COMPILATION_CONDITIONS = DEBUG;
				SWIFT_OPTIMIZATION_LEVEL = "-Onone";
			};
			name = Debug;
		};
		725376672B22032300D27C4C /* Release */ = {
			isa = XCBuildConfiguration;
			buildSettings = {
				ALWAYS_SEARCH_USER_PATHS = NO;
				CLANG_ANALYZER_NONNULL = YES;
				CLANG_ANALYZER_NUMBER_OBJECT_CONVERSION = YES_AGGRESSIVE;
				CLANG_CXX_LANGUAGE_STANDARD = "gnu++20";
				CLANG_ENABLE_MODULES = YES;
				CLANG_ENABLE_OBJC_ARC = YES;
				CLANG_ENABLE_OBJC_WEAK = YES;
				CLANG_WARN_BLOCK_CAPTURE_AUTORELEASING = YES;
				CLANG_WARN_BOOL_CONVERSION = YES;
				CLANG_WARN_COMMA = YES;
				CLANG_WARN_CONSTANT_CONVERSION = YES;
				CLANG_WARN_DEPRECATED_OBJC_IMPLEMENTATIONS = YES;
				CLANG_WARN_DIRECT_OBJC_ISA_USAGE = YES_ERROR;
				CLANG_WARN_DOCUMENTATION_COMMENTS = YES;
				CLANG_WARN_EMPTY_BODY = YES;
				CLANG_WARN_ENUM_CONVERSION = YES;
				CLANG_WARN_INFINITE_RECURSION = YES;
				CLANG_WARN_INT_CONVERSION = YES;
				CLANG_WARN_NON_LITERAL_NULL_CONVERSION = YES;
				CLANG_WARN_OBJC_IMPLICIT_RETAIN_SELF = YES;
				CLANG_WARN_OBJC_LITERAL_CONVERSION = YES;
				CLANG_WARN_OBJC_ROOT_CLASS = YES_ERROR;
				CLANG_WARN_QUOTED_INCLUDE_IN_FRAMEWORK_HEADER = YES;
				CLANG_WARN_RANGE_LOOP_ANALYSIS = YES;
				CLANG_WARN_STRICT_PROTOTYPES = YES;
				CLANG_WARN_SUSPICIOUS_MOVE = YES;
				CLANG_WARN_UNGUARDED_AVAILABILITY = YES_AGGRESSIVE;
				CLANG_WARN_UNREACHABLE_CODE = YES;
				CLANG_WARN__DUPLICATE_METHOD_MATCH = YES;
				COPY_PHASE_STRIP = NO;
				DEBUG_INFORMATION_FORMAT = "dwarf-with-dsym";
				ENABLE_NS_ASSERTIONS = NO;
				ENABLE_STRICT_OBJC_MSGSEND = YES;
				GCC_C_LANGUAGE_STANDARD = gnu11;
				GCC_NO_COMMON_BLOCKS = YES;
				GCC_WARN_64_TO_32_BIT_CONVERSION = YES;
				GCC_WARN_ABOUT_RETURN_TYPE = YES_ERROR;
				GCC_WARN_UNDECLARED_SELECTOR = YES;
				GCC_WARN_UNINITIALIZED_AUTOS = YES_AGGRESSIVE;
				GCC_WARN_UNUSED_FUNCTION = YES;
				GCC_WARN_UNUSED_VARIABLE = YES;
				IPHONEOS_DEPLOYMENT_TARGET = 16.2;
				MTL_ENABLE_DEBUG_INFO = NO;
				MTL_FAST_MATH = YES;
				SDKROOT = iphoneos;
				SWIFT_COMPILATION_MODE = wholemodule;
				SWIFT_OPTIMIZATION_LEVEL = "-O";
				VALIDATE_PRODUCT = YES;
			};
			name = Release;
		};
		725376692B22032300D27C4C /* Debug */ = {
			isa = XCBuildConfiguration;
			buildSettings = {
				ASSETCATALOG_COMPILER_APPICON_NAME = AppIcon;
				ASSETCATALOG_COMPILER_GLOBAL_ACCENT_COLOR_NAME = AccentColor;
				CODE_SIGN_STYLE = Automatic;
				CURRENT_PROJECT_VERSION = 1;
				GENERATE_INFOPLIST_FILE = YES;
				INFOPLIST_FILE = Recipio/Info.plist;
				INFOPLIST_KEY_UIApplicationSupportsIndirectInputEvents = YES;
				INFOPLIST_KEY_UILaunchStoryboardName = LaunchScreen;
				INFOPLIST_KEY_UIMainStoryboardFile = Main;
				INFOPLIST_KEY_UISupportedInterfaceOrientations_iPad = "UIInterfaceOrientationPortrait UIInterfaceOrientationPortraitUpsideDown UIInterfaceOrientationLandscapeLeft UIInterfaceOrientationLandscapeRight";
				INFOPLIST_KEY_UISupportedInterfaceOrientations_iPhone = "UIInterfaceOrientationPortrait UIInterfaceOrientationLandscapeLeft UIInterfaceOrientationLandscapeRight";
				LD_RUNPATH_SEARCH_PATHS = (
					"$(inherited)",
					"@executable_path/Frameworks",
				);
				MARKETING_VERSION = 1.0;
				PRODUCT_BUNDLE_IDENTIFIER = com.uasmaz.Recipio;
				PRODUCT_NAME = "$(TARGET_NAME)";
				SWIFT_EMIT_LOC_STRINGS = YES;
				SWIFT_VERSION = 5.0;
				TARGETED_DEVICE_FAMILY = "1,2";
			};
			name = Debug;
		};
		7253766A2B22032300D27C4C /* Release */ = {
			isa = XCBuildConfiguration;
			buildSettings = {
				ASSETCATALOG_COMPILER_APPICON_NAME = AppIcon;
				ASSETCATALOG_COMPILER_GLOBAL_ACCENT_COLOR_NAME = AccentColor;
				CODE_SIGN_STYLE = Automatic;
				CURRENT_PROJECT_VERSION = 1;
				GENERATE_INFOPLIST_FILE = YES;
				INFOPLIST_FILE = Recipio/Info.plist;
				INFOPLIST_KEY_UIApplicationSupportsIndirectInputEvents = YES;
				INFOPLIST_KEY_UILaunchStoryboardName = LaunchScreen;
				INFOPLIST_KEY_UIMainStoryboardFile = Main;
				INFOPLIST_KEY_UISupportedInterfaceOrientations_iPad = "UIInterfaceOrientationPortrait UIInterfaceOrientationPortraitUpsideDown UIInterfaceOrientationLandscapeLeft UIInterfaceOrientationLandscapeRight";
				INFOPLIST_KEY_UISupportedInterfaceOrientations_iPhone = "UIInterfaceOrientationPortrait UIInterfaceOrientationLandscapeLeft UIInterfaceOrientationLandscapeRight";
				LD_RUNPATH_SEARCH_PATHS = (
					"$(inherited)",
					"@executable_path/Frameworks",
				);
				MARKETING_VERSION = 1.0;
				PRODUCT_BUNDLE_IDENTIFIER = com.uasmaz.Recipio;
				PRODUCT_NAME = "$(TARGET_NAME)";
				SWIFT_EMIT_LOC_STRINGS = YES;
				SWIFT_VERSION = 5.0;
				TARGETED_DEVICE_FAMILY = "1,2";
			};
			name = Release;
		};
/* End XCBuildConfiguration section */

/* Begin XCConfigurationList section */
		7253764F2B22032200D27C4C /* Build configuration list for PBXProject "Recipio" */ = {
			isa = XCConfigurationList;
			buildConfigurations = (
				725376662B22032300D27C4C /* Debug */,
				725376672B22032300D27C4C /* Release */,
			);
			defaultConfigurationIsVisible = 0;
			defaultConfigurationName = Release;
		};
		725376682B22032300D27C4C /* Build configuration list for PBXNativeTarget "Recipio" */ = {
			isa = XCConfigurationList;
			buildConfigurations = (
				725376692B22032300D27C4C /* Debug */,
				7253766A2B22032300D27C4C /* Release */,
			);
			defaultConfigurationIsVisible = 0;
			defaultConfigurationName = Release;
		};
/* End XCConfigurationList section */
	};
	rootObject = 7253764C2B22032200D27C4C /* Project object */;
}
